// !$*UTF8*$!
{
	archiveVersion = 1;
	classes = {
	};
	objectVersion = 50;
	objects = {

/* Begin PBXBuildFile section */
		0DBAF61B2139FAAD00EB449D /* AppDelegate.swift in Sources */ = {isa = PBXBuildFile; fileRef = 0DBAF61A2139FAAD00EB449D /* AppDelegate.swift */; };
		0DBAF61D2139FAAD00EB449D /* ViewController.swift in Sources */ = {isa = PBXBuildFile; fileRef = 0DBAF61C2139FAAD00EB449D /* ViewController.swift */; };
		0DBAF6202139FAAD00EB449D /* Main.storyboard in Resources */ = {isa = PBXBuildFile; fileRef = 0DBAF61E2139FAAD00EB449D /* Main.storyboard */; };
		0DBAF6222139FAAF00EB449D /* Assets.xcassets in Resources */ = {isa = PBXBuildFile; fileRef = 0DBAF6212139FAAF00EB449D /* Assets.xcassets */; };
		0DBAF6252139FAAF00EB449D /* LaunchScreen.storyboard in Resources */ = {isa = PBXBuildFile; fileRef = 0DBAF6232139FAAF00EB449D /* LaunchScreen.storyboard */; };
		0DBAF6302139FAAF00EB449D /* iOSTests.swift in Sources */ = {isa = PBXBuildFile; fileRef = 0DBAF62F2139FAAF00EB449D /* iOSTests.swift */; };
		0DBAF63B2139FAAF00EB449D /* iOSUITests.swift in Sources */ = {isa = PBXBuildFile; fileRef = 0DBAF63A2139FAAF00EB449D /* iOSUITests.swift */; };
/* End PBXBuildFile section */

/* Begin PBXContainerItemProxy section */
		0DBAF62C2139FAAF00EB449D /* PBXContainerItemProxy */ = {
			isa = PBXContainerItemProxy;
			containerPortal = 0DBAF60F2139FAAD00EB449D /* Project object */;
			proxyType = 1;
			remoteGlobalIDString = 0DBAF6162139FAAD00EB449D;
			remoteInfo = iOS;
		};
		0DBAF6372139FAAF00EB449D /* PBXContainerItemProxy */ = {
			isa = PBXContainerItemProxy;
			containerPortal = 0DBAF60F2139FAAD00EB449D /* Project object */;
			proxyType = 1;
			remoteGlobalIDString = 0DBAF6162139FAAD00EB449D;
			remoteInfo = iOS;
		};
/* End PBXContainerItemProxy section */

/* Begin PBXFileReference section */
		0DBAF6172139FAAD00EB449D /* iOS.app */ = {isa = PBXFileReference; explicitFileType = wrapper.application; includeInIndex = 0; path = iOS.app; sourceTree = BUILT_PRODUCTS_DIR; };
		0DBAF61A2139FAAD00EB449D /* AppDelegate.swift */ = {isa = PBXFileReference; lastKnownFileType = sourcecode.swift; path = AppDelegate.swift; sourceTree = "<group>"; };
		0DBAF61C2139FAAD00EB449D /* ViewController.swift */ = {isa = PBXFileReference; lastKnownFileType = sourcecode.swift; path = ViewController.swift; sourceTree = "<group>"; };
		0DBAF61F2139FAAD00EB449D /* Base */ = {isa = PBXFileReference; lastKnownFileType = file.storyboard; name = Base; path = Base.lproj/Main.storyboard; sourceTree = "<group>"; };
		0DBAF6212139FAAF00EB449D /* Assets.xcassets */ = {isa = PBXFileReference; lastKnownFileType = folder.assetcatalog; path = Assets.xcassets; sourceTree = "<group>"; };
		0DBAF6242139FAAF00EB449D /* Base */ = {isa = PBXFileReference; lastKnownFileType = file.storyboard; name = Base; path = Base.lproj/LaunchScreen.storyboard; sourceTree = "<group>"; };
		0DBAF6262139FAAF00EB449D /* Info.plist */ = {isa = PBXFileReference; lastKnownFileType = text.plist.xml; path = Info.plist; sourceTree = "<group>"; };
		0DBAF62B2139FAAF00EB449D /* iOSTests.xctest */ = {isa = PBXFileReference; explicitFileType = wrapper.cfbundle; includeInIndex = 0; path = iOSTests.xctest; sourceTree = BUILT_PRODUCTS_DIR; };
		0DBAF62F2139FAAF00EB449D /* iOSTests.swift */ = {isa = PBXFileReference; lastKnownFileType = sourcecode.swift; path = iOSTests.swift; sourceTree = "<group>"; };
		0DBAF6312139FAAF00EB449D /* Info.plist */ = {isa = PBXFileReference; lastKnownFileType = text.plist.xml; path = Info.plist; sourceTree = "<group>"; };
		0DBAF6362139FAAF00EB449D /* iOSUITests.xctest */ = {isa = PBXFileReference; explicitFileType = wrapper.cfbundle; includeInIndex = 0; path = iOSUITests.xctest; sourceTree = BUILT_PRODUCTS_DIR; };
		0DBAF63A2139FAAF00EB449D /* iOSUITests.swift */ = {isa = PBXFileReference; lastKnownFileType = sourcecode.swift; path = iOSUITests.swift; sourceTree = "<group>"; };
		0DBAF63C2139FAAF00EB449D /* Info.plist */ = {isa = PBXFileReference; lastKnownFileType = text.plist.xml; path = Info.plist; sourceTree = "<group>"; };
/* End PBXFileReference section */

/* Begin PBXFrameworksBuildPhase section */
		0DBAF6142139FAAD00EB449D /* Frameworks */ = {
			isa = PBXFrameworksBuildPhase;
			buildActionMask = 2147483647;
			files = (
			);
			runOnlyForDeploymentPostprocessing = 0;
		};
		0DBAF6282139FAAF00EB449D /* Frameworks */ = {
			isa = PBXFrameworksBuildPhase;
			buildActionMask = 2147483647;
			files = (
			);
			runOnlyForDeploymentPostprocessing = 0;
		};
		0DBAF6332139FAAF00EB449D /* Frameworks */ = {
			isa = PBXFrameworksBuildPhase;
			buildActionMask = 2147483647;
			files = (
			);
			runOnlyForDeploymentPostprocessing = 0;
		};
/* End PBXFrameworksBuildPhase section */

/* Begin PBXGroup section */
		0DBAF60E2139FAAD00EB449D = {
			isa = PBXGroup;
			children = (
				0DBAF6192139FAAD00EB449D /* iOS */,
				0DBAF62E2139FAAF00EB449D /* iOSTests */,
				0DBAF6392139FAAF00EB449D /* iOSUITests */,
				0DBAF6182139FAAD00EB449D /* Products */,
			);
			sourceTree = "<group>";
		};
		0DBAF6182139FAAD00EB449D /* Products */ = {
			isa = PBXGroup;
			children = (
				0DBAF6172139FAAD00EB449D /* iOS.app */,
				0DBAF62B2139FAAF00EB449D /* iOSTests.xctest */,
				0DBAF6362139FAAF00EB449D /* iOSUITests.xctest */,
			);
			name = Products;
			sourceTree = "<group>";
		};
		0DBAF6192139FAAD00EB449D /* iOS */ = {
			isa = PBXGroup;
			children = (
				0DBAF61A2139FAAD00EB449D /* AppDelegate.swift */,
				0DBAF61C2139FAAD00EB449D /* ViewController.swift */,
				0DBAF61E2139FAAD00EB449D /* Main.storyboard */,
				0DBAF6212139FAAF00EB449D /* Assets.xcassets */,
				0DBAF6232139FAAF00EB449D /* LaunchScreen.storyboard */,
				0DBAF6262139FAAF00EB449D /* Info.plist */,
			);
			path = iOS;
			sourceTree = "<group>";
		};
		0DBAF62E2139FAAF00EB449D /* iOSTests */ = {
			isa = PBXGroup;
			children = (
				0DBAF62F2139FAAF00EB449D /* iOSTests.swift */,
				0DBAF6312139FAAF00EB449D /* Info.plist */,
			);
			path = iOSTests;
			sourceTree = "<group>";
		};
		0DBAF6392139FAAF00EB449D /* iOSUITests */ = {
			isa = PBXGroup;
			children = (
				0DBAF63A2139FAAF00EB449D /* iOSUITests.swift */,
				0DBAF63C2139FAAF00EB449D /* Info.plist */,
			);
			path = iOSUITests;
			sourceTree = "<group>";
		};
/* End PBXGroup section */

/* Begin PBXNativeTarget section */
		0DBAF6162139FAAD00EB449D /* iOS */ = {
			isa = PBXNativeTarget;
			buildConfigurationList = 0DBAF63F2139FAAF00EB449D /* Build configuration list for PBXNativeTarget "iOS" */;
			buildPhases = (
				0DBAF6132139FAAD00EB449D /* Sources */,
				0DBAF6142139FAAD00EB449D /* Frameworks */,
				0DBAF6152139FAAD00EB449D /* Resources */,
			);
			buildRules = (
			);
			dependencies = (
			);
			name = iOS;
			productName = iOS;
			productReference = 0DBAF6172139FAAD00EB449D /* iOS.app */;
			productType = "com.apple.product-type.application";
		};
		0DBAF62A2139FAAF00EB449D /* iOSTests */ = {
			isa = PBXNativeTarget;
			buildConfigurationList = 0DBAF6422139FAAF00EB449D /* Build configuration list for PBXNativeTarget "iOSTests" */;
			buildPhases = (
				0DBAF6272139FAAF00EB449D /* Sources */,
				0DBAF6282139FAAF00EB449D /* Frameworks */,
				0DBAF6292139FAAF00EB449D /* Resources */,
			);
			buildRules = (
			);
			dependencies = (
				0DBAF62D2139FAAF00EB449D /* PBXTargetDependency */,
			);
			name = iOSTests;
			productName = iOSTests;
			productReference = 0DBAF62B2139FAAF00EB449D /* iOSTests.xctest */;
			productType = "com.apple.product-type.bundle.unit-test";
		};
		0DBAF6352139FAAF00EB449D /* iOSUITests */ = {
			isa = PBXNativeTarget;
			buildConfigurationList = 0DBAF6452139FAAF00EB449D /* Build configuration list for PBXNativeTarget "iOSUITests" */;
			buildPhases = (
				0DBAF6322139FAAF00EB449D /* Sources */,
				0DBAF6332139FAAF00EB449D /* Frameworks */,
				0DBAF6342139FAAF00EB449D /* Resources */,
			);
			buildRules = (
			);
			dependencies = (
				0DBAF6382139FAAF00EB449D /* PBXTargetDependency */,
			);
			name = iOSUITests;
			productName = iOSUITests;
			productReference = 0DBAF6362139FAAF00EB449D /* iOSUITests.xctest */;
			productType = "com.apple.product-type.bundle.ui-testing";
		};
/* End PBXNativeTarget section */

/* Begin PBXProject section */
		0DBAF60F2139FAAD00EB449D /* Project object */ = {
			isa = PBXProject;
			attributes = {
				LastSwiftUpdateCheck = 0940;
				LastUpgradeCheck = 0940;
				ORGANIZATIONNAME = "藤木博志";
				TargetAttributes = {
					0DBAF6162139FAAD00EB449D = {
						CreatedOnToolsVersion = 9.4.1;
					};
					0DBAF62A2139FAAF00EB449D = {
						CreatedOnToolsVersion = 9.4.1;
						TestTargetID = 0DBAF6162139FAAD00EB449D;
					};
					0DBAF6352139FAAF00EB449D = {
						CreatedOnToolsVersion = 9.4.1;
						TestTargetID = 0DBAF6162139FAAD00EB449D;
					};
				};
			};
			buildConfigurationList = 0DBAF6122139FAAD00EB449D /* Build configuration list for PBXProject "iOS" */;
			compatibilityVersion = "Xcode 9.3";
			developmentRegion = en;
			hasScannedForEncodings = 0;
			knownRegions = (
				en,
				Base,
			);
			mainGroup = 0DBAF60E2139FAAD00EB449D;
			productRefGroup = 0DBAF6182139FAAD00EB449D /* Products */;
			projectDirPath = "";
			projectRoot = "";
			targets = (
				0DBAF6162139FAAD00EB449D /* iOS */,
				0DBAF62A2139FAAF00EB449D /* iOSTests */,
				0DBAF6352139FAAF00EB449D /* iOSUITests */,
			);
		};
/* End PBXProject section */

/* Begin PBXResourcesBuildPhase section */
		0DBAF6152139FAAD00EB449D /* Resources */ = {
			isa = PBXResourcesBuildPhase;
			buildActionMask = 2147483647;
			files = (
				0DBAF6252139FAAF00EB449D /* LaunchScreen.storyboard in Resources */,
				0DBAF6222139FAAF00EB449D /* Assets.xcassets in Resources */,
				0DBAF6202139FAAD00EB449D /* Main.storyboard in Resources */,
			);
			runOnlyForDeploymentPostprocessing = 0;
		};
		0DBAF6292139FAAF00EB449D /* Resources */ = {
			isa = PBXResourcesBuildPhase;
			buildActionMask = 2147483647;
			files = (
			);
			runOnlyForDeploymentPostprocessing = 0;
		};
		0DBAF6342139FAAF00EB449D /* Resources */ = {
			isa = PBXResourcesBuildPhase;
			buildActionMask = 2147483647;
			files = (
			);
			runOnlyForDeploymentPostprocessing = 0;
		};
/* End PBXResourcesBuildPhase section */

/* Begin PBXSourcesBuildPhase section */
		0DBAF6132139FAAD00EB449D /* Sources */ = {
			isa = PBXSourcesBuildPhase;
			buildActionMask = 2147483647;
			files = (
				0DBAF61D2139FAAD00EB449D /* ViewController.swift in Sources */,
				0DBAF61B2139FAAD00EB449D /* AppDelegate.swift in Sources */,
			);
			runOnlyForDeploymentPostprocessing = 0;
		};
		0DBAF6272139FAAF00EB449D /* Sources */ = {
			isa = PBXSourcesBuildPhase;
			buildActionMask = 2147483647;
			files = (
				0DBAF6302139FAAF00EB449D /* iOSTests.swift in Sources */,
			);
			runOnlyForDeploymentPostprocessing = 0;
		};
		0DBAF6322139FAAF00EB449D /* Sources */ = {
			isa = PBXSourcesBuildPhase;
			buildActionMask = 2147483647;
			files = (
				0DBAF63B2139FAAF00EB449D /* iOSUITests.swift in Sources */,
			);
			runOnlyForDeploymentPostprocessing = 0;
		};
/* End PBXSourcesBuildPhase section */

/* Begin PBXTargetDependency section */
		0DBAF62D2139FAAF00EB449D /* PBXTargetDependency */ = {
			isa = PBXTargetDependency;
			target = 0DBAF6162139FAAD00EB449D /* iOS */;
			targetProxy = 0DBAF62C2139FAAF00EB449D /* PBXContainerItemProxy */;
		};
		0DBAF6382139FAAF00EB449D /* PBXTargetDependency */ = {
			isa = PBXTargetDependency;
			target = 0DBAF6162139FAAD00EB449D /* iOS */;
			targetProxy = 0DBAF6372139FAAF00EB449D /* PBXContainerItemProxy */;
		};
/* End PBXTargetDependency section */

/* Begin PBXVariantGroup section */
		0DBAF61E2139FAAD00EB449D /* Main.storyboard */ = {
			isa = PBXVariantGroup;
			children = (
				0DBAF61F2139FAAD00EB449D /* Base */,
			);
			name = Main.storyboard;
			sourceTree = "<group>";
		};
		0DBAF6232139FAAF00EB449D /* LaunchScreen.storyboard */ = {
			isa = PBXVariantGroup;
			children = (
				0DBAF6242139FAAF00EB449D /* Base */,
			);
			name = LaunchScreen.storyboard;
			sourceTree = "<group>";
		};
/* End PBXVariantGroup section */

/* Begin XCBuildConfiguration section */
		0DBAF63D2139FAAF00EB449D /* Debug */ = {
			isa = XCBuildConfiguration;
			buildSettings = {
				ALWAYS_SEARCH_USER_PATHS = NO;
				CLANG_ANALYZER_NONNULL = YES;
				CLANG_ANALYZER_NUMBER_OBJECT_CONVERSION = YES_AGGRESSIVE;
				CLANG_CXX_LANGUAGE_STANDARD = "gnu++14";
				CLANG_CXX_LIBRARY = "libc++";
				CLANG_ENABLE_MODULES = YES;
				CLANG_ENABLE_OBJC_ARC = YES;
				CLANG_ENABLE_OBJC_WEAK = YES;
				CLANG_WARN_BLOCK_CAPTURE_AUTORELEASING = YES;
				CLANG_WARN_BOOL_CONVERSION = YES;
				CLANG_WARN_COMMA = YES;
				CLANG_WARN_CONSTANT_CONVERSION = YES;
				CLANG_WARN_DEPRECATED_OBJC_IMPLEMENTATIONS = YES;
				CLANG_WARN_DIRECT_OBJC_ISA_USAGE = YES_ERROR;
				CLANG_WARN_DOCUMENTATION_COMMENTS = YES;
				CLANG_WARN_EMPTY_BODY = YES;
				CLANG_WARN_ENUM_CONVERSION = YES;
				CLANG_WARN_INFINITE_RECURSION = YES;
				CLANG_WARN_INT_CONVERSION = YES;
				CLANG_WARN_NON_LITERAL_NULL_CONVERSION = YES;
				CLANG_WARN_OBJC_IMPLICIT_RETAIN_SELF = YES;
				CLANG_WARN_OBJC_LITERAL_CONVERSION = YES;
				CLANG_WARN_OBJC_ROOT_CLASS = YES_ERROR;
				CLANG_WARN_RANGE_LOOP_ANALYSIS = YES;
				CLANG_WARN_STRICT_PROTOTYPES = YES;
				CLANG_WARN_SUSPICIOUS_MOVE = YES;
				CLANG_WARN_UNGUARDED_AVAILABILITY = YES_AGGRESSIVE;
				CLANG_WARN_UNREACHABLE_CODE = YES;
				CLANG_WARN__DUPLICATE_METHOD_MATCH = YES;
				CODE_SIGN_IDENTITY = "iPhone Developer";
				COPY_PHASE_STRIP = NO;
				DEBUG_INFORMATION_FORMAT = dwarf;
				ENABLE_STRICT_OBJC_MSGSEND = YES;
				ENABLE_TESTABILITY = YES;
				GCC_C_LANGUAGE_STANDARD = gnu11;
				GCC_DYNAMIC_NO_PIC = NO;
				GCC_NO_COMMON_BLOCKS = YES;
				GCC_OPTIMIZATION_LEVEL = 0;
				GCC_PREPROCESSOR_DEFINITIONS = (
					"DEBUG=1",
					"$(inherited)",
				);
				GCC_WARN_64_TO_32_BIT_CONVERSION = YES;
				GCC_WARN_ABOUT_RETURN_TYPE = YES_ERROR;
				GCC_WARN_UNDECLARED_SELECTOR = YES;
				GCC_WARN_UNINITIALIZED_AUTOS = YES_AGGRESSIVE;
				GCC_WARN_UNUSED_FUNCTION = YES;
				GCC_WARN_UNUSED_VARIABLE = YES;
				IPHONEOS_DEPLOYMENT_TARGET = 11.4;
				MTL_ENABLE_DEBUG_INFO = YES;
				ONLY_ACTIVE_ARCH = YES;
				SDKROOT = iphoneos;
				SWIFT_ACTIVE_COMPILATION_CONDITIONS = DEBUG;
				SWIFT_OPTIMIZATION_LEVEL = "-Onone";
			};
			name = Debug;
		};
		0DBAF63E2139FAAF00EB449D /* Release */ = {
			isa = XCBuildConfiguration;
			buildSettings = {
				ALWAYS_SEARCH_USER_PATHS = NO;
				CLANG_ANALYZER_NONNULL = YES;
				CLANG_ANALYZER_NUMBER_OBJECT_CONVERSION = YES_AGGRESSIVE;
				CLANG_CXX_LANGUAGE_STANDARD = "gnu++14";
				CLANG_CXX_LIBRARY = "libc++";
				CLANG_ENABLE_MODULES = YES;
				CLANG_ENABLE_OBJC_ARC = YES;
				CLANG_ENABLE_OBJC_WEAK = YES;
				CLANG_WARN_BLOCK_CAPTURE_AUTORELEASING = YES;
				CLANG_WARN_BOOL_CONVERSION = YES;
				CLANG_WARN_COMMA = YES;
				CLANG_WARN_CONSTANT_CONVERSION = YES;
				CLANG_WARN_DEPRECATED_OBJC_IMPLEMENTATIONS = YES;
				CLANG_WARN_DIRECT_OBJC_ISA_USAGE = YES_ERROR;
				CLANG_WARN_DOCUMENTATION_COMMENTS = YES;
				CLANG_WARN_EMPTY_BODY = YES;
				CLANG_WARN_ENUM_CONVERSION = YES;
				CLANG_WARN_INFINITE_RECURSION = YES;
				CLANG_WARN_INT_CONVERSION = YES;
				CLANG_WARN_NON_LITERAL_NULL_CONVERSION = YES;
				CLANG_WARN_OBJC_IMPLICIT_RETAIN_SELF = YES;
				CLANG_WARN_OBJC_LITERAL_CONVERSION = YES;
				CLANG_WARN_OBJC_ROOT_CLASS = YES_ERROR;
				CLANG_WARN_RANGE_LOOP_ANALYSIS = YES;
				CLANG_WARN_STRICT_PROTOTYPES = YES;
				CLANG_WARN_SUSPICIOUS_MOVE = YES;
				CLANG_WARN_UNGUARDED_AVAILABILITY = YES_AGGRESSIVE;
				CLANG_WARN_UNREACHABLE_CODE = YES;
				CLANG_WARN__DUPLICATE_METHOD_MATCH = YES;
				CODE_SIGN_IDENTITY = "iPhone Developer";
				COPY_PHASE_STRIP = NO;
				DEBUG_INFORMATION_FORMAT = "dwarf-with-dsym";
				ENABLE_NS_ASSERTIONS = NO;
				ENABLE_STRICT_OBJC_MSGSEND = YES;
				GCC_C_LANGUAGE_STANDARD = gnu11;
				GCC_NO_COMMON_BLOCKS = YES;
				GCC_WARN_64_TO_32_BIT_CONVERSION = YES;
				GCC_WARN_ABOUT_RETURN_TYPE = YES_ERROR;
				GCC_WARN_UNDECLARED_SELECTOR = YES;
				GCC_WARN_UNINITIALIZED_AUTOS = YES_AGGRESSIVE;
				GCC_WARN_UNUSED_FUNCTION = YES;
				GCC_WARN_UNUSED_VARIABLE = YES;
				IPHONEOS_DEPLOYMENT_TARGET = 11.4;
				MTL_ENABLE_DEBUG_INFO = NO;
				SDKROOT = iphoneos;
				SWIFT_COMPILATION_MODE = wholemodule;
				SWIFT_OPTIMIZATION_LEVEL = "-O";
				VALIDATE_PRODUCT = YES;
			};
			name = Release;
		};
		0DBAF6402139FAAF00EB449D /* Debug */ = {
			isa = XCBuildConfiguration;
			buildSettings = {
				ASSETCATALOG_COMPILER_APPICON_NAME = AppIcon;
				CODE_SIGN_STYLE = Automatic;
				INFOPLIST_FILE = iOS/Info.plist;
				LD_RUNPATH_SEARCH_PATHS = (
					"$(inherited)",
					"@executable_path/Frameworks",
				);
				PRODUCT_BUNDLE_IDENTIFIER = iOS.iOS;
				PRODUCT_NAME = "$(TARGET_NAME)";
				SWIFT_VERSION = 4.0;
				TARGETED_DEVICE_FAMILY = "1,2";
			};
			name = Debug;
		};
		0DBAF6412139FAAF00EB449D /* Release */ = {
			isa = XCBuildConfiguration;
			buildSettings = {
				ASSETCATALOG_COMPILER_APPICON_NAME = AppIcon;
				CODE_SIGN_STYLE = Automatic;
				INFOPLIST_FILE = iOS/Info.plist;
				LD_RUNPATH_SEARCH_PATHS = (
					"$(inherited)",
					"@executable_path/Frameworks",
				);
				PRODUCT_BUNDLE_IDENTIFIER = iOS.iOS;
				PRODUCT_NAME = "$(TARGET_NAME)";
				SWIFT_VERSION = 4.0;
				TARGETED_DEVICE_FAMILY = "1,2";
			};
			name = Release;
		};
		0DBAF6432139FAAF00EB449D /* Debug */ = {
			isa = XCBuildConfiguration;
			buildSettings = {
				ALWAYS_EMBED_SWIFT_STANDARD_LIBRARIES = YES;
				BUNDLE_LOADER = "$(TEST_HOST)";
				CODE_SIGN_STYLE = Automatic;
				INFOPLIST_FILE = iOSTests/Info.plist;
				LD_RUNPATH_SEARCH_PATHS = (
					"$(inherited)",
					"@executable_path/Frameworks",
					"@loader_path/Frameworks",
				);
				PRODUCT_BUNDLE_IDENTIFIER = iOS.iOSTests;
				PRODUCT_NAME = "$(TARGET_NAME)";
				SWIFT_VERSION = 4.0;
				TARGETED_DEVICE_FAMILY = "1,2";
				TEST_HOST = "$(BUILT_PRODUCTS_DIR)/iOS.app/iOS";
			};
			name = Debug;
		};
		0DBAF6442139FAAF00EB449D /* Release */ = {
			isa = XCBuildConfiguration;
			buildSettings = {
				ALWAYS_EMBED_SWIFT_STANDARD_LIBRARIES = YES;
				BUNDLE_LOADER = "$(TEST_HOST)";
				CODE_SIGN_STYLE = Automatic;
				INFOPLIST_FILE = iOSTests/Info.plist;
				LD_RUNPATH_SEARCH_PATHS = (
					"$(inherited)",
					"@executable_path/Frameworks",
					"@loader_path/Frameworks",
				);
				PRODUCT_BUNDLE_IDENTIFIER = iOS.iOSTests;
				PRODUCT_NAME = "$(TARGET_NAME)";
				SWIFT_VERSION = 4.0;
				TARGETED_DEVICE_FAMILY = "1,2";
				TEST_HOST = "$(BUILT_PRODUCTS_DIR)/iOS.app/iOS";
			};
			name = Release;
		};
		0DBAF6462139FAAF00EB449D /* Debug */ = {
			isa = XCBuildConfiguration;
			buildSettings = {
				ALWAYS_EMBED_SWIFT_STANDARD_LIBRARIES = YES;
				CODE_SIGN_STYLE = Automatic;
				INFOPLIST_FILE = iOSUITests/Info.plist;
				LD_RUNPATH_SEARCH_PATHS = (
					"$(inherited)",
					"@executable_path/Frameworks",
					"@loader_path/Frameworks",
				);
				PRODUCT_BUNDLE_IDENTIFIER = iOS.iOSUITests;
				PRODUCT_NAME = "$(TARGET_NAME)";
				SWIFT_VERSION = 4.0;
				TARGETED_DEVICE_FAMILY = "1,2";
				TEST_TARGET_NAME = iOS;
			};
			name = Debug;
		};
		0DBAF6472139FAAF00EB449D /* Release */ = {
			isa = XCBuildConfiguration;
			buildSettings = {
				ALWAYS_EMBED_SWIFT_STANDARD_LIBRARIES = YES;
				CODE_SIGN_STYLE = Automatic;
				INFOPLIST_FILE = iOSUITests/Info.plist;
				LD_RUNPATH_SEARCH_PATHS = (
					"$(inherited)",
					"@executable_path/Frameworks",
					"@loader_path/Frameworks",
				);
				PRODUCT_BUNDLE_IDENTIFIER = iOS.iOSUITests;
				PRODUCT_NAME = "$(TARGET_NAME)";
				SWIFT_VERSION = 4.0;
				TARGETED_DEVICE_FAMILY = "1,2";
				TEST_TARGET_NAME = iOS;
			};
			name = Release;
		};
/* End XCBuildConfiguration section */

/* Begin XCConfigurationList section */
		0DBAF6122139FAAD00EB449D /* Build configuration list for PBXProject "iOS" */ = {
			isa = XCConfigurationList;
			buildConfigurations = (
				0DBAF63D2139FAAF00EB449D /* Debug */,
				0DBAF63E2139FAAF00EB449D /* Release */,
			);
			defaultConfigurationIsVisible = 0;
			defaultConfigurationName = Release;
		};
		0DBAF63F2139FAAF00EB449D /* Build configuration list for PBXNativeTarget "iOS" */ = {
			isa = XCConfigurationList;
			buildConfigurations = (
				0DBAF6402139FAAF00EB449D /* Debug */,
				0DBAF6412139FAAF00EB449D /* Release */,
			);
			defaultConfigurationIsVisible = 0;
			defaultConfigurationName = Release;
		};
		0DBAF6422139FAAF00EB449D /* Build configuration list for PBXNativeTarget "iOSTests" */ = {
			isa = XCConfigurationList;
			buildConfigurations = (
				0DBAF6432139FAAF00EB449D /* Debug */,
				0DBAF6442139FAAF00EB449D /* Release */,
			);
			defaultConfigurationIsVisible = 0;
			defaultConfigurationName = Release;
		};
		0DBAF6452139FAAF00EB449D /* Build configuration list for PBXNativeTarget "iOSUITests" */ = {
			isa = XCConfigurationList;
			buildConfigurations = (
				0DBAF6462139FAAF00EB449D /* Debug */,
				0DBAF6472139FAAF00EB449D /* Release */,
			);
			defaultConfigurationIsVisible = 0;
			defaultConfigurationName = Release;
		};
/* End XCConfigurationList section */
	};
	rootObject = 0DBAF60F2139FAAD00EB449D /* Project object */;
}
