// !$*UTF8*$!
{
	archiveVersion = 1;
	classes = {
	};
	objectVersion = 48;
	objects = {

/* Begin PBXBuildFile section */
		E5B6E588203B7B4000EE4121 /* AppDelegate.swift in Sources */ = {isa = PBXBuildFile; fileRef = E5B6E587203B7B4000EE4121 /* AppDelegate.swift */; };
		E5B6E58A203B7B4000EE4121 /* ViewController.swift in Sources */ = {isa = PBXBuildFile; fileRef = E5B6E589203B7B4000EE4121 /* ViewController.swift */; };
		E5B6E58D203B7B4000EE4121 /* Main.storyboard in Resources */ = {isa = PBXBuildFile; fileRef = E5B6E58B203B7B4000EE4121 /* Main.storyboard */; };
		E5B6E58F203B7B4000EE4121 /* Assets.xcassets in Resources */ = {isa = PBXBuildFile; fileRef = E5B6E58E203B7B4000EE4121 /* Assets.xcassets */; };
		E5B6E592203B7B4000EE4121 /* LaunchScreen.storyboard in Resources */ = {isa = PBXBuildFile; fileRef = E5B6E590203B7B4000EE4121 /* LaunchScreen.storyboard */; };
		E5B6E59D203B7B4000EE4121 /* iOSTests.swift in Sources */ = {isa = PBXBuildFile; fileRef = E5B6E59C203B7B4000EE4121 /* iOSTests.swift */; };
		E5B6E5A8203B7B4000EE4121 /* iOSUITests.swift in Sources */ = {isa = PBXBuildFile; fileRef = E5B6E5A7203B7B4000EE4121 /* iOSUITests.swift */; };
/* End PBXBuildFile section */

/* Begin PBXContainerItemProxy section */
		E5B6E599203B7B4000EE4121 /* PBXContainerItemProxy */ = {
			isa = PBXContainerItemProxy;
			containerPortal = E5B6E57C203B7B4000EE4121 /* Project object */;
			proxyType = 1;
			remoteGlobalIDString = E5B6E583203B7B4000EE4121;
			remoteInfo = iOS;
		};
		E5B6E5A4203B7B4000EE4121 /* PBXContainerItemProxy */ = {
			isa = PBXContainerItemProxy;
			containerPortal = E5B6E57C203B7B4000EE4121 /* Project object */;
			proxyType = 1;
			remoteGlobalIDString = E5B6E583203B7B4000EE4121;
			remoteInfo = iOS;
		};
/* End PBXContainerItemProxy section */

/* Begin PBXFileReference section */
		E5B6E584203B7B4000EE4121 /* iOS.app */ = {isa = PBXFileReference; explicitFileType = wrapper.application; includeInIndex = 0; path = iOS.app; sourceTree = BUILT_PRODUCTS_DIR; };
		E5B6E587203B7B4000EE4121 /* AppDelegate.swift */ = {isa = PBXFileReference; lastKnownFileType = sourcecode.swift; path = AppDelegate.swift; sourceTree = "<group>"; };
		E5B6E589203B7B4000EE4121 /* ViewController.swift */ = {isa = PBXFileReference; lastKnownFileType = sourcecode.swift; path = ViewController.swift; sourceTree = "<group>"; };
		E5B6E58C203B7B4000EE4121 /* Base */ = {isa = PBXFileReference; lastKnownFileType = file.storyboard; name = Base; path = Base.lproj/Main.storyboard; sourceTree = "<group>"; };
		E5B6E58E203B7B4000EE4121 /* Assets.xcassets */ = {isa = PBXFileReference; lastKnownFileType = folder.assetcatalog; path = Assets.xcassets; sourceTree = "<group>"; };
		E5B6E591203B7B4000EE4121 /* Base */ = {isa = PBXFileReference; lastKnownFileType = file.storyboard; name = Base; path = Base.lproj/LaunchScreen.storyboard; sourceTree = "<group>"; };
		E5B6E593203B7B4000EE4121 /* Info.plist */ = {isa = PBXFileReference; lastKnownFileType = text.plist.xml; path = Info.plist; sourceTree = "<group>"; };
		E5B6E598203B7B4000EE4121 /* iOSTests.xctest */ = {isa = PBXFileReference; explicitFileType = wrapper.cfbundle; includeInIndex = 0; path = iOSTests.xctest; sourceTree = BUILT_PRODUCTS_DIR; };
		E5B6E59C203B7B4000EE4121 /* iOSTests.swift */ = {isa = PBXFileReference; lastKnownFileType = sourcecode.swift; path = iOSTests.swift; sourceTree = "<group>"; };
		E5B6E59E203B7B4000EE4121 /* Info.plist */ = {isa = PBXFileReference; lastKnownFileType = text.plist.xml; path = Info.plist; sourceTree = "<group>"; };
		E5B6E5A3203B7B4000EE4121 /* iOSUITests.xctest */ = {isa = PBXFileReference; explicitFileType = wrapper.cfbundle; includeInIndex = 0; path = iOSUITests.xctest; sourceTree = BUILT_PRODUCTS_DIR; };
		E5B6E5A7203B7B4000EE4121 /* iOSUITests.swift */ = {isa = PBXFileReference; lastKnownFileType = sourcecode.swift; path = iOSUITests.swift; sourceTree = "<group>"; };
		E5B6E5A9203B7B4000EE4121 /* Info.plist */ = {isa = PBXFileReference; lastKnownFileType = text.plist.xml; path = Info.plist; sourceTree = "<group>"; };
/* End PBXFileReference section */

/* Begin PBXFrameworksBuildPhase section */
		E5B6E581203B7B4000EE4121 /* Frameworks */ = {
			isa = PBXFrameworksBuildPhase;
			buildActionMask = 2147483647;
			files = (
			);
			runOnlyForDeploymentPostprocessing = 0;
		};
		E5B6E595203B7B4000EE4121 /* Frameworks */ = {
			isa = PBXFrameworksBuildPhase;
			buildActionMask = 2147483647;
			files = (
			);
			runOnlyForDeploymentPostprocessing = 0;
		};
		E5B6E5A0203B7B4000EE4121 /* Frameworks */ = {
			isa = PBXFrameworksBuildPhase;
			buildActionMask = 2147483647;
			files = (
			);
			runOnlyForDeploymentPostprocessing = 0;
		};
/* End PBXFrameworksBuildPhase section */

/* Begin PBXGroup section */
		E5B6E57B203B7B3F00EE4121 = {
			isa = PBXGroup;
			children = (
				E5B6E586203B7B4000EE4121 /* iOS */,
				E5B6E59B203B7B4000EE4121 /* iOSTests */,
				E5B6E5A6203B7B4000EE4121 /* iOSUITests */,
				E5B6E585203B7B4000EE4121 /* Products */,
			);
			sourceTree = "<group>";
		};
		E5B6E585203B7B4000EE4121 /* Products */ = {
			isa = PBXGroup;
			children = (
				E5B6E584203B7B4000EE4121 /* iOS.app */,
				E5B6E598203B7B4000EE4121 /* iOSTests.xctest */,
				E5B6E5A3203B7B4000EE4121 /* iOSUITests.xctest */,
			);
			name = Products;
			sourceTree = "<group>";
		};
		E5B6E586203B7B4000EE4121 /* iOS */ = {
			isa = PBXGroup;
			children = (
				E5B6E587203B7B4000EE4121 /* AppDelegate.swift */,
				E5B6E589203B7B4000EE4121 /* ViewController.swift */,
				E5B6E58B203B7B4000EE4121 /* Main.storyboard */,
				E5B6E58E203B7B4000EE4121 /* Assets.xcassets */,
				E5B6E590203B7B4000EE4121 /* LaunchScreen.storyboard */,
				E5B6E593203B7B4000EE4121 /* Info.plist */,
			);
			path = iOS;
			sourceTree = "<group>";
		};
		E5B6E59B203B7B4000EE4121 /* iOSTests */ = {
			isa = PBXGroup;
			children = (
				E5B6E59C203B7B4000EE4121 /* iOSTests.swift */,
				E5B6E59E203B7B4000EE4121 /* Info.plist */,
			);
			path = iOSTests;
			sourceTree = "<group>";
		};
		E5B6E5A6203B7B4000EE4121 /* iOSUITests */ = {
			isa = PBXGroup;
			children = (
				E5B6E5A7203B7B4000EE4121 /* iOSUITests.swift */,
				E5B6E5A9203B7B4000EE4121 /* Info.plist */,
			);
			path = iOSUITests;
			sourceTree = "<group>";
		};
/* End PBXGroup section */

/* Begin PBXNativeTarget section */
		E5B6E583203B7B4000EE4121 /* iOS */ = {
			isa = PBXNativeTarget;
			buildConfigurationList = E5B6E5AC203B7B4000EE4121 /* Build configuration list for PBXNativeTarget "iOS" */;
			buildPhases = (
				E5B6E580203B7B4000EE4121 /* Sources */,
				E5B6E581203B7B4000EE4121 /* Frameworks */,
				E5B6E582203B7B4000EE4121 /* Resources */,
			);
			buildRules = (
			);
			dependencies = (
			);
			name = iOS;
			productName = iOS;
			productReference = E5B6E584203B7B4000EE4121 /* iOS.app */;
			productType = "com.apple.product-type.application";
		};
		E5B6E597203B7B4000EE4121 /* iOSTests */ = {
			isa = PBXNativeTarget;
			buildConfigurationList = E5B6E5AF203B7B4000EE4121 /* Build configuration list for PBXNativeTarget "iOSTests" */;
			buildPhases = (
				E5B6E594203B7B4000EE4121 /* Sources */,
				E5B6E595203B7B4000EE4121 /* Frameworks */,
				E5B6E596203B7B4000EE4121 /* Resources */,
			);
			buildRules = (
			);
			dependencies = (
				E5B6E59A203B7B4000EE4121 /* PBXTargetDependency */,
			);
			name = iOSTests;
			productName = iOSTests;
			productReference = E5B6E598203B7B4000EE4121 /* iOSTests.xctest */;
			productType = "com.apple.product-type.bundle.unit-test";
		};
		E5B6E5A2203B7B4000EE4121 /* iOSUITests */ = {
			isa = PBXNativeTarget;
			buildConfigurationList = E5B6E5B2203B7B4000EE4121 /* Build configuration list for PBXNativeTarget "iOSUITests" */;
			buildPhases = (
				E5B6E59F203B7B4000EE4121 /* Sources */,
				E5B6E5A0203B7B4000EE4121 /* Frameworks */,
				E5B6E5A1203B7B4000EE4121 /* Resources */,
			);
			buildRules = (
			);
			dependencies = (
				E5B6E5A5203B7B4000EE4121 /* PBXTargetDependency */,
			);
			name = iOSUITests;
			productName = iOSUITests;
			productReference = E5B6E5A3203B7B4000EE4121 /* iOSUITests.xctest */;
			productType = "com.apple.product-type.bundle.ui-testing";
		};
/* End PBXNativeTarget section */

/* Begin PBXProject section */
		E5B6E57C203B7B4000EE4121 /* Project object */ = {
			isa = PBXProject;
			attributes = {
				LastSwiftUpdateCheck = 0920;
				LastUpgradeCheck = 0920;
				ORGANIZATIONNAME = uniss;
				TargetAttributes = {
					E5B6E583203B7B4000EE4121 = {
						CreatedOnToolsVersion = 9.2;
						ProvisioningStyle = Automatic;
					};
					E5B6E597203B7B4000EE4121 = {
						CreatedOnToolsVersion = 9.2;
						ProvisioningStyle = Automatic;
						TestTargetID = E5B6E583203B7B4000EE4121;
					};
					E5B6E5A2203B7B4000EE4121 = {
						CreatedOnToolsVersion = 9.2;
						ProvisioningStyle = Automatic;
						TestTargetID = E5B6E583203B7B4000EE4121;
					};
				};
			};
			buildConfigurationList = E5B6E57F203B7B4000EE4121 /* Build configuration list for PBXProject "iOS" */;
			compatibilityVersion = "Xcode 8.0";
			developmentRegion = en;
			hasScannedForEncodings = 0;
			knownRegions = (
				en,
				Base,
			);
			mainGroup = E5B6E57B203B7B3F00EE4121;
			productRefGroup = E5B6E585203B7B4000EE4121 /* Products */;
			projectDirPath = "";
			projectRoot = "";
			targets = (
				E5B6E583203B7B4000EE4121 /* iOS */,
				E5B6E597203B7B4000EE4121 /* iOSTests */,
				E5B6E5A2203B7B4000EE4121 /* iOSUITests */,
			);
		};
/* End PBXProject section */

/* Begin PBXResourcesBuildPhase section */
		E5B6E582203B7B4000EE4121 /* Resources */ = {
			isa = PBXResourcesBuildPhase;
			buildActionMask = 2147483647;
			files = (
				E5B6E592203B7B4000EE4121 /* LaunchScreen.storyboard in Resources */,
				E5B6E58F203B7B4000EE4121 /* Assets.xcassets in Resources */,
				E5B6E58D203B7B4000EE4121 /* Main.storyboard in Resources */,
			);
			runOnlyForDeploymentPostprocessing = 0;
		};
		E5B6E596203B7B4000EE4121 /* Resources */ = {
			isa = PBXResourcesBuildPhase;
			buildActionMask = 2147483647;
			files = (
			);
			runOnlyForDeploymentPostprocessing = 0;
		};
		E5B6E5A1203B7B4000EE4121 /* Resources */ = {
			isa = PBXResourcesBuildPhase;
			buildActionMask = 2147483647;
			files = (
			);
			runOnlyForDeploymentPostprocessing = 0;
		};
/* End PBXResourcesBuildPhase section */

/* Begin PBXSourcesBuildPhase section */
		E5B6E580203B7B4000EE4121 /* Sources */ = {
			isa = PBXSourcesBuildPhase;
			buildActionMask = 2147483647;
			files = (
				E5B6E58A203B7B4000EE4121 /* ViewController.swift in Sources */,
				E5B6E588203B7B4000EE4121 /* AppDelegate.swift in Sources */,
			);
			runOnlyForDeploymentPostprocessing = 0;
		};
		E5B6E594203B7B4000EE4121 /* Sources */ = {
			isa = PBXSourcesBuildPhase;
			buildActionMask = 2147483647;
			files = (
				E5B6E59D203B7B4000EE4121 /* iOSTests.swift in Sources */,
			);
			runOnlyForDeploymentPostprocessing = 0;
		};
		E5B6E59F203B7B4000EE4121 /* Sources */ = {
			isa = PBXSourcesBuildPhase;
			buildActionMask = 2147483647;
			files = (
				E5B6E5A8203B7B4000EE4121 /* iOSUITests.swift in Sources */,
			);
			runOnlyForDeploymentPostprocessing = 0;
		};
/* End PBXSourcesBuildPhase section */

/* Begin PBXTargetDependency section */
		E5B6E59A203B7B4000EE4121 /* PBXTargetDependency */ = {
			isa = PBXTargetDependency;
			target = E5B6E583203B7B4000EE4121 /* iOS */;
			targetProxy = E5B6E599203B7B4000EE4121 /* PBXContainerItemProxy */;
		};
		E5B6E5A5203B7B4000EE4121 /* PBXTargetDependency */ = {
			isa = PBXTargetDependency;
			target = E5B6E583203B7B4000EE4121 /* iOS */;
			targetProxy = E5B6E5A4203B7B4000EE4121 /* PBXContainerItemProxy */;
		};
/* End PBXTargetDependency section */

/* Begin PBXVariantGroup section */
		E5B6E58B203B7B4000EE4121 /* Main.storyboard */ = {
			isa = PBXVariantGroup;
			children = (
				E5B6E58C203B7B4000EE4121 /* Base */,
			);
			name = Main.storyboard;
			sourceTree = "<group>";
		};
		E5B6E590203B7B4000EE4121 /* LaunchScreen.storyboard */ = {
			isa = PBXVariantGroup;
			children = (
				E5B6E591203B7B4000EE4121 /* Base */,
			);
			name = LaunchScreen.storyboard;
			sourceTree = "<group>";
		};
/* End PBXVariantGroup section */

/* Begin XCBuildConfiguration section */
		E5B6E5AA203B7B4000EE4121 /* Debug */ = {
			isa = XCBuildConfiguration;
			buildSettings = {
				ALWAYS_SEARCH_USER_PATHS = NO;
				CLANG_ANALYZER_NONNULL = YES;
				CLANG_ANALYZER_NUMBER_OBJECT_CONVERSION = YES_AGGRESSIVE;
				CLANG_CXX_LANGUAGE_STANDARD = "gnu++14";
				CLANG_CXX_LIBRARY = "libc++";
				CLANG_ENABLE_MODULES = YES;
				CLANG_ENABLE_OBJC_ARC = YES;
				CLANG_WARN_BLOCK_CAPTURE_AUTORELEASING = YES;
				CLANG_WARN_BOOL_CONVERSION = YES;
				CLANG_WARN_COMMA = YES;
				CLANG_WARN_CONSTANT_CONVERSION = YES;
				CLANG_WARN_DIRECT_OBJC_ISA_USAGE = YES_ERROR;
				CLANG_WARN_DOCUMENTATION_COMMENTS = YES;
				CLANG_WARN_EMPTY_BODY = YES;
				CLANG_WARN_ENUM_CONVERSION = YES;
				CLANG_WARN_INFINITE_RECURSION = YES;
				CLANG_WARN_INT_CONVERSION = YES;
				CLANG_WARN_NON_LITERAL_NULL_CONVERSION = YES;
				CLANG_WARN_OBJC_LITERAL_CONVERSION = YES;
				CLANG_WARN_OBJC_ROOT_CLASS = YES_ERROR;
				CLANG_WARN_RANGE_LOOP_ANALYSIS = YES;
				CLANG_WARN_STRICT_PROTOTYPES = YES;
				CLANG_WARN_SUSPICIOUS_MOVE = YES;
				CLANG_WARN_UNGUARDED_AVAILABILITY = YES_AGGRESSIVE;
				CLANG_WARN_UNREACHABLE_CODE = YES;
				CLANG_WARN__DUPLICATE_METHOD_MATCH = YES;
				CODE_SIGN_IDENTITY = "iPhone Developer";
				COPY_PHASE_STRIP = NO;
				DEBUG_INFORMATION_FORMAT = dwarf;
				ENABLE_STRICT_OBJC_MSGSEND = YES;
				ENABLE_TESTABILITY = YES;
				GCC_C_LANGUAGE_STANDARD = gnu11;
				GCC_DYNAMIC_NO_PIC = NO;
				GCC_NO_COMMON_BLOCKS = YES;
				GCC_OPTIMIZATION_LEVEL = 0;
				GCC_PREPROCESSOR_DEFINITIONS = (
					"DEBUG=1",
					"$(inherited)",
				);
				GCC_WARN_64_TO_32_BIT_CONVERSION = YES;
				GCC_WARN_ABOUT_RETURN_TYPE = YES_ERROR;
				GCC_WARN_UNDECLARED_SELECTOR = YES;
				GCC_WARN_UNINITIALIZED_AUTOS = YES_AGGRESSIVE;
				GCC_WARN_UNUSED_FUNCTION = YES;
				GCC_WARN_UNUSED_VARIABLE = YES;
				IPHONEOS_DEPLOYMENT_TARGET = 11.2;
				MTL_ENABLE_DEBUG_INFO = YES;
				ONLY_ACTIVE_ARCH = YES;
				SDKROOT = iphoneos;
				SWIFT_ACTIVE_COMPILATION_CONDITIONS = DEBUG;
				SWIFT_OPTIMIZATION_LEVEL = "-Onone";
			};
			name = Debug;
		};
		E5B6E5AB203B7B4000EE4121 /* Release */ = {
			isa = XCBuildConfiguration;
			buildSettings = {
				ALWAYS_SEARCH_USER_PATHS = NO;
				CLANG_ANALYZER_NONNULL = YES;
				CLANG_ANALYZER_NUMBER_OBJECT_CONVERSION = YES_AGGRESSIVE;
				CLANG_CXX_LANGUAGE_STANDARD = "gnu++14";
				CLANG_CXX_LIBRARY = "libc++";
				CLANG_ENABLE_MODULES = YES;
				CLANG_ENABLE_OBJC_ARC = YES;
				CLANG_WARN_BLOCK_CAPTURE_AUTORELEASING = YES;
				CLANG_WARN_BOOL_CONVERSION = YES;
				CLANG_WARN_COMMA = YES;
				CLANG_WARN_CONSTANT_CONVERSION = YES;
				CLANG_WARN_DIRECT_OBJC_ISA_USAGE = YES_ERROR;
				CLANG_WARN_DOCUMENTATION_COMMENTS = YES;
				CLANG_WARN_EMPTY_BODY = YES;
				CLANG_WARN_ENUM_CONVERSION = YES;
				CLANG_WARN_INFINITE_RECURSION = YES;
				CLANG_WARN_INT_CONVERSION = YES;
				CLANG_WARN_NON_LITERAL_NULL_CONVERSION = YES;
				CLANG_WARN_OBJC_LITERAL_CONVERSION = YES;
				CLANG_WARN_OBJC_ROOT_CLASS = YES_ERROR;
				CLANG_WARN_RANGE_LOOP_ANALYSIS = YES;
				CLANG_WARN_STRICT_PROTOTYPES = YES;
				CLANG_WARN_SUSPICIOUS_MOVE = YES;
				CLANG_WARN_UNGUARDED_AVAILABILITY = YES_AGGRESSIVE;
				CLANG_WARN_UNREACHABLE_CODE = YES;
				CLANG_WARN__DUPLICATE_METHOD_MATCH = YES;
				CODE_SIGN_IDENTITY = "iPhone Developer";
				COPY_PHASE_STRIP = NO;
				DEBUG_INFORMATION_FORMAT = "dwarf-with-dsym";
				ENABLE_NS_ASSERTIONS = NO;
				ENABLE_STRICT_OBJC_MSGSEND = YES;
				GCC_C_LANGUAGE_STANDARD = gnu11;
				GCC_NO_COMMON_BLOCKS = YES;
				GCC_WARN_64_TO_32_BIT_CONVERSION = YES;
				GCC_WARN_ABOUT_RETURN_TYPE = YES_ERROR;
				GCC_WARN_UNDECLARED_SELECTOR = YES;
				GCC_WARN_UNINITIALIZED_AUTOS = YES_AGGRESSIVE;
				GCC_WARN_UNUSED_FUNCTION = YES;
				GCC_WARN_UNUSED_VARIABLE = YES;
				IPHONEOS_DEPLOYMENT_TARGET = 11.2;
				MTL_ENABLE_DEBUG_INFO = NO;
				SDKROOT = iphoneos;
				SWIFT_OPTIMIZATION_LEVEL = "-Owholemodule";
				VALIDATE_PRODUCT = YES;
			};
			name = Release;
		};
		E5B6E5AD203B7B4000EE4121 /* Debug */ = {
			isa = XCBuildConfiguration;
			buildSettings = {
				ASSETCATALOG_COMPILER_APPICON_NAME = AppIcon;
				CODE_SIGN_STYLE = Automatic;
				INFOPLIST_FILE = iOS/Info.plist;
				LD_RUNPATH_SEARCH_PATHS = "$(inherited) @executable_path/Frameworks";
				PRODUCT_BUNDLE_IDENTIFIER = iOS.iOS;
				PRODUCT_NAME = "$(TARGET_NAME)";
				SWIFT_VERSION = 4.0;
				TARGETED_DEVICE_FAMILY = "1,2";
			};
			name = Debug;
		};
		E5B6E5AE203B7B4000EE4121 /* Release */ = {
			isa = XCBuildConfiguration;
			buildSettings = {
				ASSETCATALOG_COMPILER_APPICON_NAME = AppIcon;
				CODE_SIGN_STYLE = Automatic;
				INFOPLIST_FILE = iOS/Info.plist;
				LD_RUNPATH_SEARCH_PATHS = "$(inherited) @executable_path/Frameworks";
				PRODUCT_BUNDLE_IDENTIFIER = iOS.iOS;
				PRODUCT_NAME = "$(TARGET_NAME)";
				SWIFT_VERSION = 4.0;
				TARGETED_DEVICE_FAMILY = "1,2";
			};
			name = Release;
		};
		E5B6E5B0203B7B4000EE4121 /* Debug */ = {
			isa = XCBuildConfiguration;
			buildSettings = {
				ALWAYS_EMBED_SWIFT_STANDARD_LIBRARIES = YES;
				BUNDLE_LOADER = "$(TEST_HOST)";
				CODE_SIGN_STYLE = Automatic;
				INFOPLIST_FILE = iOSTests/Info.plist;
				LD_RUNPATH_SEARCH_PATHS = "$(inherited) @executable_path/Frameworks @loader_path/Frameworks";
				PRODUCT_BUNDLE_IDENTIFIER = iOS.iOSTests;
				PRODUCT_NAME = "$(TARGET_NAME)";
				SWIFT_VERSION = 4.0;
				TARGETED_DEVICE_FAMILY = "1,2";
				TEST_HOST = "$(BUILT_PRODUCTS_DIR)/iOS.app/iOS";
			};
			name = Debug;
		};
		E5B6E5B1203B7B4000EE4121 /* Release */ = {
			isa = XCBuildConfiguration;
			buildSettings = {
				ALWAYS_EMBED_SWIFT_STANDARD_LIBRARIES = YES;
				BUNDLE_LOADER = "$(TEST_HOST)";
				CODE_SIGN_STYLE = Automatic;
				INFOPLIST_FILE = iOSTests/Info.plist;
				LD_RUNPATH_SEARCH_PATHS = "$(inherited) @executable_path/Frameworks @loader_path/Frameworks";
				PRODUCT_BUNDLE_IDENTIFIER = iOS.iOSTests;
				PRODUCT_NAME = "$(TARGET_NAME)";
				SWIFT_VERSION = 4.0;
				TARGETED_DEVICE_FAMILY = "1,2";
				TEST_HOST = "$(BUILT_PRODUCTS_DIR)/iOS.app/iOS";
			};
			name = Release;
		};
		E5B6E5B3203B7B4000EE4121 /* Debug */ = {
			isa = XCBuildConfiguration;
			buildSettings = {
				ALWAYS_EMBED_SWIFT_STANDARD_LIBRARIES = YES;
				CODE_SIGN_STYLE = Automatic;
				INFOPLIST_FILE = iOSUITests/Info.plist;
				LD_RUNPATH_SEARCH_PATHS = "$(inherited) @executable_path/Frameworks @loader_path/Frameworks";
				PRODUCT_BUNDLE_IDENTIFIER = iOS.iOSUITests;
				PRODUCT_NAME = "$(TARGET_NAME)";
				SWIFT_VERSION = 4.0;
				TARGETED_DEVICE_FAMILY = "1,2";
				TEST_TARGET_NAME = iOS;
			};
			name = Debug;
		};
		E5B6E5B4203B7B4000EE4121 /* Release */ = {
			isa = XCBuildConfiguration;
			buildSettings = {
				ALWAYS_EMBED_SWIFT_STANDARD_LIBRARIES = YES;
				CODE_SIGN_STYLE = Automatic;
				INFOPLIST_FILE = iOSUITests/Info.plist;
				LD_RUNPATH_SEARCH_PATHS = "$(inherited) @executable_path/Frameworks @loader_path/Frameworks";
				PRODUCT_BUNDLE_IDENTIFIER = iOS.iOSUITests;
				PRODUCT_NAME = "$(TARGET_NAME)";
				SWIFT_VERSION = 4.0;
				TARGETED_DEVICE_FAMILY = "1,2";
				TEST_TARGET_NAME = iOS;
			};
			name = Release;
		};
/* End XCBuildConfiguration section */

/* Begin XCConfigurationList section */
		E5B6E57F203B7B4000EE4121 /* Build configuration list for PBXProject "iOS" */ = {
			isa = XCConfigurationList;
			buildConfigurations = (
				E5B6E5AA203B7B4000EE4121 /* Debug */,
				E5B6E5AB203B7B4000EE4121 /* Release */,
			);
			defaultConfigurationIsVisible = 0;
			defaultConfigurationName = Release;
		};
		E5B6E5AC203B7B4000EE4121 /* Build configuration list for PBXNativeTarget "iOS" */ = {
			isa = XCConfigurationList;
			buildConfigurations = (
				E5B6E5AD203B7B4000EE4121 /* Debug */,
				E5B6E5AE203B7B4000EE4121 /* Release */,
			);
			defaultConfigurationIsVisible = 0;
			defaultConfigurationName = Release;
		};
		E5B6E5AF203B7B4000EE4121 /* Build configuration list for PBXNativeTarget "iOSTests" */ = {
			isa = XCConfigurationList;
			buildConfigurations = (
				E5B6E5B0203B7B4000EE4121 /* Debug */,
				E5B6E5B1203B7B4000EE4121 /* Release */,
			);
			defaultConfigurationIsVisible = 0;
			defaultConfigurationName = Release;
		};
		E5B6E5B2203B7B4000EE4121 /* Build configuration list for PBXNativeTarget "iOSUITests" */ = {
			isa = XCConfigurationList;
			buildConfigurations = (
				E5B6E5B3203B7B4000EE4121 /* Debug */,
				E5B6E5B4203B7B4000EE4121 /* Release */,
			);
			defaultConfigurationIsVisible = 0;
			defaultConfigurationName = Release;
		};
/* End XCConfigurationList section */
	};
	rootObject = E5B6E57C203B7B4000EE4121 /* Project object */;
}
